
Microsoft Visual Studio Solution File, Format Version 12.00
# Visual Studio 14
VisualStudioVersion = 14.0.25420.1
MinimumVisualStudioVersion = 10.0.40219.1
Project("{FAE04EC0-301F-11D3-BF4B-00C04F79EFBC}") = "nunit-v2", "nunit-v2\nunit-v2.csproj", "{4A14CB70-8DA7-46F5-9488-071A700EFFF8}"
EndProject
Project("{FAE04EC0-301F-11D3-BF4B-00C04F79EFBC}") = "nunit-v3", "nunit-v3\nunit-v3.csproj", "{F08402EC-EE47-4448-8C9A-C3C1DC8054F9}"
EndProject
Project("{2150E333-8FDC-42A3-9474-1A3956D46DE8}") = ".nuget", ".nuget", "{AD2FA136-D935-4F0D-BB4D-2AEE641BED95}"
	ProjectSection(SolutionItems) = preProject
		.nuget\packages.config = .nuget\packages.config
	EndProjectSection
EndProject
Project("{FAE04EC0-301F-11D3-BF4B-00C04F79EFBC}") = "nunitlite-v3", "nunitlite-v3\nunitlite-v3.csproj", "{26821D94-7FDD-409E-8EB6-F8CFEC8474F3}"
EndProject
Global
	GlobalSection(SolutionConfigurationPlatforms) = preSolution
		Debug|Any CPU = Debug|Any CPU
		Debug|x86 = Debug|x86
		Release|Any CPU = Release|Any CPU
		Release|x86 = Release|x86
	EndGlobalSection
	GlobalSection(ProjectConfigurationPlatforms) = postSolution
		{4A14CB70-8DA7-46F5-9488-071A700EFFF8}.Debug|Any CPU.ActiveCfg = Debug|Any CPU
		{4A14CB70-8DA7-46F5-9488-071A700EFFF8}.Debug|Any CPU.Build.0 = Debug|Any CPU
		{4A14CB70-8DA7-46F5-9488-071A700EFFF8}.Debug|x86.ActiveCfg = Debug|Any CPU
		{4A14CB70-8DA7-46F5-9488-071A700EFFF8}.Debug|x86.Build.0 = Debug|Any CPU
		{4A14CB70-8DA7-46F5-9488-071A700EFFF8}.Release|Any CPU.ActiveCfg = Release|Any CPU
		{4A14CB70-8DA7-46F5-9488-071A700EFFF8}.Release|Any CPU.Build.0 = Release|Any CPU
		{4A14CB70-8DA7-46F5-9488-071A700EFFF8}.Release|x86.ActiveCfg = Release|Any CPU
		{4A14CB70-8DA7-46F5-9488-071A700EFFF8}.Release|x86.Build.0 = Release|Any CPU
		{F08402EC-EE47-4448-8C9A-C3C1DC8054F9}.Debug|Any CPU.ActiveCfg = Debug|Any CPU
		{F08402EC-EE47-4448-8C9A-C3C1DC8054F9}.Debug|Any CPU.Build.0 = Debug|Any CPU
		{F08402EC-EE47-4448-8C9A-C3C1DC8054F9}.Debug|x86.ActiveCfg = Debug|Any CPU
		{F08402EC-EE47-4448-8C9A-C3C1DC8054F9}.Debug|x86.Build.0 = Debug|Any CPU
		{F08402EC-EE47-4448-8C9A-C3C1DC8054F9}.Release|Any CPU.ActiveCfg = Release|Any CPU
		{F08402EC-EE47-4448-8C9A-C3C1DC8054F9}.Release|Any CPU.Build.0 = Release|Any CPU
		{F08402EC-EE47-4448-8C9A-C3C1DC8054F9}.Release|x86.ActiveCfg = Release|Any CPU
		{F08402EC-EE47-4448-8C9A-C3C1DC8054F9}.Release|x86.Build.0 = Release|Any CPU
		{26821D94-7FDD-409E-8EB6-F8CFEC8474F3}.Debug|Any CPU.ActiveCfg = Debug|Any CPU
		{26821D94-7FDD-409E-8EB6-F8CFEC8474F3}.Debug|Any CPU.Build.0 = Debug|Any CPU
		{26821D94-7FDD-409E-8EB6-F8CFEC8474F3}.Debug|x86.ActiveCfg = Debug|Any CPU
		{26821D94-7FDD-409E-8EB6-F8CFEC8474F3}.Debug|x86.Build.0 = Debug|Any CPU
		{26821D94-7FDD-409E-8EB6-F8CFEC8474F3}.Release|Any CPU.ActiveCfg = Release|Any CPU
		{26821D94-7FDD-409E-8EB6-F8CFEC8474F3}.Release|Any CPU.Build.0 = Release|Any CPU
		{26821D94-7FDD-409E-8EB6-F8CFEC8474F3}.Release|x86.ActiveCfg = Release|Any CPU
		{26821D94-7FDD-409E-8EB6-F8CFEC8474F3}.Release|x86.Build.0 = Release|Any CPU
	EndGlobalSection
	GlobalSection(SolutionProperties) = preSolution
		HideSolutionNode = FALSE
	EndGlobalSection
EndGlobal
